// !$*UTF8*$!
{
	archiveVersion = 1;
	classes = {
	};
	objectVersion = 50;
	objects = {

/* Begin PBXBuildFile section */
		EBE5022F2081F1B900843D3B /* AppDelegate.m in Sources */ = {isa = PBXBuildFile; fileRef = EBE5022E2081F1B900843D3B /* AppDelegate.m */; };
		EBE502322081F1B900843D3B /* ViewController.m in Sources */ = {isa = PBXBuildFile; fileRef = EBE502312081F1B900843D3B /* ViewController.m */; };
		EBE502452081F1BA00843D3B /* NSWindow_DemoTests.m in Sources */ = {isa = PBXBuildFile; fileRef = EBE502442081F1BA00843D3B /* NSWindow_DemoTests.m */; };
		EBE502502081F1BA00843D3B /* NSWindow_DemoUITests.m in Sources */ = {isa = PBXBuildFile; fileRef = EBE5024F2081F1BA00843D3B /* NSWindow_DemoUITests.m */; };
		EBE502642081F1D700843D3B /* Assets.xcassets in Resources */ = {isa = PBXBuildFile; fileRef = EBE5025E2081F1D700843D3B /* Assets.xcassets */; };
		EBE502652081F1D700843D3B /* Main.storyboard in Resources */ = {isa = PBXBuildFile; fileRef = EBE502602081F1D700843D3B /* Main.storyboard */; };
		EBE502662081F1D700843D3B /* main.m in Sources */ = {isa = PBXBuildFile; fileRef = EBE502622081F1D700843D3B /* main.m */; };
		EBE502672081F1D700843D3B /* Info.plist in Resources */ = {isa = PBXBuildFile; fileRef = EBE502632081F1D700843D3B /* Info.plist */; };
/* End PBXBuildFile section */

/* Begin PBXContainerItemProxy section */
		EBE502412081F1BA00843D3B /* PBXContainerItemProxy */ = {
			isa = PBXContainerItemProxy;
			containerPortal = EBE502222081F1B900843D3B /* Project object */;
			proxyType = 1;
			remoteGlobalIDString = EBE502292081F1B900843D3B;
			remoteInfo = NSWindow_Demo;
		};
		EBE5024C2081F1BA00843D3B /* PBXContainerItemProxy */ = {
			isa = PBXContainerItemProxy;
			containerPortal = EBE502222081F1B900843D3B /* Project object */;
			proxyType = 1;
			remoteGlobalIDString = EBE502292081F1B900843D3B;
			remoteInfo = NSWindow_Demo;
		};
/* End PBXContainerItemProxy section */

/* Begin PBXFileReference section */
		EBE5022A2081F1B900843D3B /* NSWindow_Demo.app */ = {isa = PBXFileReference; explicitFileType = wrapper.application; includeInIndex = 0; path = NSWindow_Demo.app; sourceTree = BUILT_PRODUCTS_DIR; };
		EBE5022D2081F1B900843D3B /* AppDelegate.h */ = {isa = PBXFileReference; lastKnownFileType = sourcecode.c.h; path = AppDelegate.h; sourceTree = "<group>"; };
		EBE5022E2081F1B900843D3B /* AppDelegate.m */ = {isa = PBXFileReference; lastKnownFileType = sourcecode.c.objc; path = AppDelegate.m; sourceTree = "<group>"; };
		EBE502302081F1B900843D3B /* ViewController.h */ = {isa = PBXFileReference; lastKnownFileType = sourcecode.c.h; path = ViewController.h; sourceTree = "<group>"; };
		EBE502312081F1B900843D3B /* ViewController.m */ = {isa = PBXFileReference; lastKnownFileType = sourcecode.c.objc; path = ViewController.m; sourceTree = "<group>"; };
		EBE502402081F1BA00843D3B /* NSWindow_DemoTests.xctest */ = {isa = PBXFileReference; explicitFileType = wrapper.cfbundle; includeInIndex = 0; path = NSWindow_DemoTests.xctest; sourceTree = BUILT_PRODUCTS_DIR; };
		EBE502442081F1BA00843D3B /* NSWindow_DemoTests.m */ = {isa = PBXFileReference; lastKnownFileType = sourcecode.c.objc; path = NSWindow_DemoTests.m; sourceTree = "<group>"; };
		EBE502462081F1BA00843D3B /* Info.plist */ = {isa = PBXFileReference; lastKnownFileType = text.plist.xml; path = Info.plist; sourceTree = "<group>"; };
		EBE5024B2081F1BA00843D3B /* NSWindow_DemoUITests.xctest */ = {isa = PBXFileReference; explicitFileType = wrapper.cfbundle; includeInIndex = 0; path = NSWindow_DemoUITests.xctest; sourceTree = BUILT_PRODUCTS_DIR; };
		EBE5024F2081F1BA00843D3B /* NSWindow_DemoUITests.m */ = {isa = PBXFileReference; lastKnownFileType = sourcecode.c.objc; path = NSWindow_DemoUITests.m; sourceTree = "<group>"; };
		EBE502512081F1BA00843D3B /* Info.plist */ = {isa = PBXFileReference; lastKnownFileType = text.plist.xml; path = Info.plist; sourceTree = "<group>"; };
		EBE5025E2081F1D700843D3B /* Assets.xcassets */ = {isa = PBXFileReference; lastKnownFileType = folder.assetcatalog; path = Assets.xcassets; sourceTree = "<group>"; };
		EBE5025F2081F1D700843D3B /* NSWindow_Demo.entitlements */ = {isa = PBXFileReference; fileEncoding = 4; lastKnownFileType = text.plist.entitlements; path = NSWindow_Demo.entitlements; sourceTree = "<group>"; };
		EBE502612081F1D700843D3B /* Base */ = {isa = PBXFileReference; lastKnownFileType = file.storyboard; name = Base; path = Base.lproj/Main.storyboard; sourceTree = "<group>"; };
		EBE502622081F1D700843D3B /* main.m */ = {isa = PBXFileReference; fileEncoding = 4; lastKnownFileType = sourcecode.c.objc; path = main.m; sourceTree = "<group>"; };
		EBE502632081F1D700843D3B /* Info.plist */ = {isa = PBXFileReference; fileEncoding = 4; lastKnownFileType = text.plist.xml; path = Info.plist; sourceTree = "<group>"; };
/* End PBXFileReference section */

/* Begin PBXFrameworksBuildPhase section */
		EBE502272081F1B900843D3B /* Frameworks */ = {
			isa = PBXFrameworksBuildPhase;
			buildActionMask = 2147483647;
			files = (
			);
			runOnlyForDeploymentPostprocessing = 0;
		};
		EBE5023D2081F1BA00843D3B /* Frameworks */ = {
			isa = PBXFrameworksBuildPhase;
			buildActionMask = 2147483647;
			files = (
			);
			runOnlyForDeploymentPostprocessing = 0;
		};
		EBE502482081F1BA00843D3B /* Frameworks */ = {
			isa = PBXFrameworksBuildPhase;
			buildActionMask = 2147483647;
			files = (
			);
			runOnlyForDeploymentPostprocessing = 0;
		};
/* End PBXFrameworksBuildPhase section */

/* Begin PBXGroup section */
		EBE502212081F1B900843D3B = {
			isa = PBXGroup;
			children = (
				EBE5022C2081F1B900843D3B /* NSWindow_Demo */,
				EBE502432081F1BA00843D3B /* NSWindow_DemoTests */,
				EBE5024E2081F1BA00843D3B /* NSWindow_DemoUITests */,
				EBE5022B2081F1B900843D3B /* Products */,
			);
			sourceTree = "<group>";
		};
		EBE5022B2081F1B900843D3B /* Products */ = {
			isa = PBXGroup;
			children = (
				EBE5022A2081F1B900843D3B /* NSWindow_Demo.app */,
				EBE502402081F1BA00843D3B /* NSWindow_DemoTests.xctest */,
				EBE5024B2081F1BA00843D3B /* NSWindow_DemoUITests.xctest */,
			);
			name = Products;
			sourceTree = "<group>";
		};
		EBE5022C2081F1B900843D3B /* NSWindow_Demo */ = {
			isa = PBXGroup;
			children = (
				EBE5022D2081F1B900843D3B /* AppDelegate.h */,
				EBE5022E2081F1B900843D3B /* AppDelegate.m */,
				EBE502302081F1B900843D3B /* ViewController.h */,
				EBE502312081F1B900843D3B /* ViewController.m */,
				EBE5025D2081F1D700843D3B /* SupportingFiles */,
			);
			path = NSWindow_Demo;
			sourceTree = "<group>";
		};
		EBE502432081F1BA00843D3B /* NSWindow_DemoTests */ = {
			isa = PBXGroup;
			children = (
				EBE502442081F1BA00843D3B /* NSWindow_DemoTests.m */,
				EBE502462081F1BA00843D3B /* Info.plist */,
			);
			path = NSWindow_DemoTests;
			sourceTree = "<group>";
		};
		EBE5024E2081F1BA00843D3B /* NSWindow_DemoUITests */ = {
			isa = PBXGroup;
			children = (
				EBE5024F2081F1BA00843D3B /* NSWindow_DemoUITests.m */,
				EBE502512081F1BA00843D3B /* Info.plist */,
			);
			path = NSWindow_DemoUITests;
			sourceTree = "<group>";
		};
		EBE5025D2081F1D700843D3B /* SupportingFiles */ = {
			isa = PBXGroup;
			children = (
				EBE5025E2081F1D700843D3B /* Assets.xcassets */,
				EBE5025F2081F1D700843D3B /* NSWindow_Demo.entitlements */,
				EBE502602081F1D700843D3B /* Main.storyboard */,
				EBE502622081F1D700843D3B /* main.m */,
				EBE502632081F1D700843D3B /* Info.plist */,
			);
			path = SupportingFiles;
			sourceTree = "<group>";
		};
/* End PBXGroup section */

/* Begin PBXNativeTarget section */
		EBE502292081F1B900843D3B /* NSWindow_Demo */ = {
			isa = PBXNativeTarget;
			buildConfigurationList = EBE502542081F1BA00843D3B /* Build configuration list for PBXNativeTarget "NSWindow_Demo" */;
			buildPhases = (
				EBE502262081F1B900843D3B /* Sources */,
				EBE502272081F1B900843D3B /* Frameworks */,
				EBE502282081F1B900843D3B /* Resources */,
			);
			buildRules = (
			);
			dependencies = (
			);
			name = NSWindow_Demo;
			productName = NSWindow_Demo;
			productReference = EBE5022A2081F1B900843D3B /* NSWindow_Demo.app */;
			productType = "com.apple.product-type.application";
		};
		EBE5023F2081F1BA00843D3B /* NSWindow_DemoTests */ = {
			isa = PBXNativeTarget;
			buildConfigurationList = EBE502572081F1BA00843D3B /* Build configuration list for PBXNativeTarget "NSWindow_DemoTests" */;
			buildPhases = (
				EBE5023C2081F1BA00843D3B /* Sources */,
				EBE5023D2081F1BA00843D3B /* Frameworks */,
				EBE5023E2081F1BA00843D3B /* Resources */,
			);
			buildRules = (
			);
			dependencies = (
				EBE502422081F1BA00843D3B /* PBXTargetDependency */,
			);
			name = NSWindow_DemoTests;
			productName = NSWindow_DemoTests;
			productReference = EBE502402081F1BA00843D3B /* NSWindow_DemoTests.xctest */;
			productType = "com.apple.product-type.bundle.unit-test";
		};
		EBE5024A2081F1BA00843D3B /* NSWindow_DemoUITests */ = {
			isa = PBXNativeTarget;
			buildConfigurationList = EBE5025A2081F1BA00843D3B /* Build configuration list for PBXNativeTarget "NSWindow_DemoUITests" */;
			buildPhases = (
				EBE502472081F1BA00843D3B /* Sources */,
				EBE502482081F1BA00843D3B /* Frameworks */,
				EBE502492081F1BA00843D3B /* Resources */,
			);
			buildRules = (
			);
			dependencies = (
				EBE5024D2081F1BA00843D3B /* PBXTargetDependency */,
			);
			name = NSWindow_DemoUITests;
			productName = NSWindow_DemoUITests;
			productReference = EBE5024B2081F1BA00843D3B /* NSWindow_DemoUITests.xctest */;
			productType = "com.apple.product-type.bundle.ui-testing";
		};
/* End PBXNativeTarget section */

/* Begin PBXProject section */
		EBE502222081F1B900843D3B /* Project object */ = {
			isa = PBXProject;
			attributes = {
				LastUpgradeCheck = 0930;
				ORGANIZATIONNAME = LeeWong;
				TargetAttributes = {
					EBE502292081F1B900843D3B = {
						CreatedOnToolsVersion = 9.3;
					};
					EBE5023F2081F1BA00843D3B = {
						CreatedOnToolsVersion = 9.3;
						TestTargetID = EBE502292081F1B900843D3B;
					};
					EBE5024A2081F1BA00843D3B = {
						CreatedOnToolsVersion = 9.3;
						TestTargetID = EBE502292081F1B900843D3B;
					};
				};
			};
			buildConfigurationList = EBE502252081F1B900843D3B /* Build configuration list for PBXProject "NSWindow_Demo" */;
			compatibilityVersion = "Xcode 9.3";
			developmentRegion = en;
			hasScannedForEncodings = 0;
			knownRegions = (
				en,
				Base,
			);
			mainGroup = EBE502212081F1B900843D3B;
			productRefGroup = EBE5022B2081F1B900843D3B /* Products */;
			projectDirPath = "";
			projectRoot = "";
			targets = (
				EBE502292081F1B900843D3B /* NSWindow_Demo */,
				EBE5023F2081F1BA00843D3B /* NSWindow_DemoTests */,
				EBE5024A2081F1BA00843D3B /* NSWindow_DemoUITests */,
			);
		};
/* End PBXProject section */

/* Begin PBXResourcesBuildPhase section */
		EBE502282081F1B900843D3B /* Resources */ = {
			isa = PBXResourcesBuildPhase;
			buildActionMask = 2147483647;
			files = (
				EBE502642081F1D700843D3B /* Assets.xcassets in Resources */,
				EBE502652081F1D700843D3B /* Main.storyboard in Resources */,
				EBE502672081F1D700843D3B /* Info.plist in Resources */,
			);
			runOnlyForDeploymentPostprocessing = 0;
		};
		EBE5023E2081F1BA00843D3B /* Resources */ = {
			isa = PBXResourcesBuildPhase;
			buildActionMask = 2147483647;
			files = (
			);
			runOnlyForDeploymentPostprocessing = 0;
		};
		EBE502492081F1BA00843D3B /* Resources */ = {
			isa = PBXResourcesBuildPhase;
			buildActionMask = 2147483647;
			files = (
			);
			runOnlyForDeploymentPostprocessing = 0;
		};
/* End PBXResourcesBuildPhase section */

/* Begin PBXSourcesBuildPhase section */
		EBE502262081F1B900843D3B /* Sources */ = {
			isa = PBXSourcesBuildPhase;
			buildActionMask = 2147483647;
			files = (
				EBE502322081F1B900843D3B /* ViewController.m in Sources */,
				EBE502662081F1D700843D3B /* main.m in Sources */,
				EBE5022F2081F1B900843D3B /* AppDelegate.m in Sources */,
			);
			runOnlyForDeploymentPostprocessing = 0;
		};
		EBE5023C2081F1BA00843D3B /* Sources */ = {
			isa = PBXSourcesBuildPhase;
			buildActionMask = 2147483647;
			files = (
				EBE502452081F1BA00843D3B /* NSWindow_DemoTests.m in Sources */,
			);
			runOnlyForDeploymentPostprocessing = 0;
		};
		EBE502472081F1BA00843D3B /* Sources */ = {
			isa = PBXSourcesBuildPhase;
			buildActionMask = 2147483647;
			files = (
				EBE502502081F1BA00843D3B /* NSWindow_DemoUITests.m in Sources */,
			);
			runOnlyForDeploymentPostprocessing = 0;
		};
/* End PBXSourcesBuildPhase section */

/* Begin PBXTargetDependency section */
		EBE502422081F1BA00843D3B /* PBXTargetDependency */ = {
			isa = PBXTargetDependency;
			target = EBE502292081F1B900843D3B /* NSWindow_Demo */;
			targetProxy = EBE502412081F1BA00843D3B /* PBXContainerItemProxy */;
		};
		EBE5024D2081F1BA00843D3B /* PBXTargetDependency */ = {
			isa = PBXTargetDependency;
			target = EBE502292081F1B900843D3B /* NSWindow_Demo */;
			targetProxy = EBE5024C2081F1BA00843D3B /* PBXContainerItemProxy */;
		};
/* End PBXTargetDependency section */

/* Begin PBXVariantGroup section */
		EBE502602081F1D700843D3B /* Main.storyboard */ = {
			isa = PBXVariantGroup;
			children = (
				EBE502612081F1D700843D3B /* Base */,
			);
			name = Main.storyboard;
			sourceTree = "<group>";
		};
/* End PBXVariantGroup section */

/* Begin XCBuildConfiguration section */
		EBE502522081F1BA00843D3B /* Debug */ = {
			isa = XCBuildConfiguration;
			buildSettings = {
				ALWAYS_SEARCH_USER_PATHS = NO;
				CLANG_ANALYZER_NONNULL = YES;
				CLANG_ANALYZER_NUMBER_OBJECT_CONVERSION = YES_AGGRESSIVE;
				CLANG_CXX_LANGUAGE_STANDARD = "gnu++14";
				CLANG_CXX_LIBRARY = "libc++";
				CLANG_ENABLE_MODULES = YES;
				CLANG_ENABLE_OBJC_ARC = YES;
				CLANG_ENABLE_OBJC_WEAK = YES;
				CLANG_WARN_BLOCK_CAPTURE_AUTORELEASING = YES;
				CLANG_WARN_BOOL_CONVERSION = YES;
				CLANG_WARN_COMMA = YES;
				CLANG_WARN_CONSTANT_CONVERSION = YES;
				CLANG_WARN_DEPRECATED_OBJC_IMPLEMENTATIONS = YES;
				CLANG_WARN_DIRECT_OBJC_ISA_USAGE = YES_ERROR;
				CLANG_WARN_DOCUMENTATION_COMMENTS = YES;
				CLANG_WARN_EMPTY_BODY = YES;
				CLANG_WARN_ENUM_CONVERSION = YES;
				CLANG_WARN_INFINITE_RECURSION = YES;
				CLANG_WARN_INT_CONVERSION = YES;
				CLANG_WARN_NON_LITERAL_NULL_CONVERSION = YES;
				CLANG_WARN_OBJC_IMPLICIT_RETAIN_SELF = YES;
				CLANG_WARN_OBJC_LITERAL_CONVERSION = YES;
				CLANG_WARN_OBJC_ROOT_CLASS = YES_ERROR;
				CLANG_WARN_RANGE_LOOP_ANALYSIS = YES;
				CLANG_WARN_STRICT_PROTOTYPES = YES;
				CLANG_WARN_SUSPICIOUS_MOVE = YES;
				CLANG_WARN_UNGUARDED_AVAILABILITY = YES_AGGRESSIVE;
				CLANG_WARN_UNREACHABLE_CODE = YES;
				CLANG_WARN__DUPLICATE_METHOD_MATCH = YES;
				CODE_SIGN_IDENTITY = "Mac Developer";
				COPY_PHASE_STRIP = NO;
				DEBUG_INFORMATION_FORMAT = dwarf;
				ENABLE_STRICT_OBJC_MSGSEND = YES;
				ENABLE_TESTABILITY = YES;
				GCC_C_LANGUAGE_STANDARD = gnu11;
				GCC_DYNAMIC_NO_PIC = NO;
				GCC_NO_COMMON_BLOCKS = YES;
				GCC_OPTIMIZATION_LEVEL = 0;
				GCC_PREPROCESSOR_DEFINITIONS = (
					"DEBUG=1",
					"$(inherited)",
				);
				GCC_WARN_64_TO_32_BIT_CONVERSION = YES;
				GCC_WARN_ABOUT_RETURN_TYPE = YES_ERROR;
				GCC_WARN_UNDECLARED_SELECTOR = YES;
				GCC_WARN_UNINITIALIZED_AUTOS = YES_AGGRESSIVE;
				GCC_WARN_UNUSED_FUNCTION = YES;
				GCC_WARN_UNUSED_VARIABLE = YES;
				MACOSX_DEPLOYMENT_TARGET = 10.13;
				MTL_ENABLE_DEBUG_INFO = YES;
				ONLY_ACTIVE_ARCH = YES;
				SDKROOT = macosx;
			};
			name = Debug;
		};
		EBE502532081F1BA00843D3B /* Release */ = {
			isa = XCBuildConfiguration;
			buildSettings = {
				ALWAYS_SEARCH_USER_PATHS = NO;
				CLANG_ANALYZER_NONNULL = YES;
				CLANG_ANALYZER_NUMBER_OBJECT_CONVERSION = YES_AGGRESSIVE;
				CLANG_CXX_LANGUAGE_STANDARD = "gnu++14";
				CLANG_CXX_LIBRARY = "libc++";
				CLANG_ENABLE_MODULES = YES;
				CLANG_ENABLE_OBJC_ARC = YES;
				CLANG_ENABLE_OBJC_WEAK = YES;
				CLANG_WARN_BLOCK_CAPTURE_AUTORELEASING = YES;
				CLANG_WARN_BOOL_CONVERSION = YES;
				CLANG_WARN_COMMA = YES;
				CLANG_WARN_CONSTANT_CONVERSION = YES;
				CLANG_WARN_DEPRECATED_OBJC_IMPLEMENTATIONS = YES;
				CLANG_WARN_DIRECT_OBJC_ISA_USAGE = YES_ERROR;
				CLANG_WARN_DOCUMENTATION_COMMENTS = YES;
				CLANG_WARN_EMPTY_BODY = YES;
				CLANG_WARN_ENUM_CONVERSION = YES;
				CLANG_WARN_INFINITE_RECURSION = YES;
				CLANG_WARN_INT_CONVERSION = YES;
				CLANG_WARN_NON_LITERAL_NULL_CONVERSION = YES;
				CLANG_WARN_OBJC_IMPLICIT_RETAIN_SELF = YES;
				CLANG_WARN_OBJC_LITERAL_CONVERSION = YES;
				CLANG_WARN_OBJC_ROOT_CLASS = YES_ERROR;
				CLANG_WARN_RANGE_LOOP_ANALYSIS = YES;
				CLANG_WARN_STRICT_PROTOTYPES = YES;
				CLANG_WARN_SUSPICIOUS_MOVE = YES;
				CLANG_WARN_UNGUARDED_AVAILABILITY = YES_AGGRESSIVE;
				CLANG_WARN_UNREACHABLE_CODE = YES;
				CLANG_WARN__DUPLICATE_METHOD_MATCH = YES;
				CODE_SIGN_IDENTITY = "Mac Developer";
				COPY_PHASE_STRIP = NO;
				DEBUG_INFORMATION_FORMAT = "dwarf-with-dsym";
				ENABLE_NS_ASSERTIONS = NO;
				ENABLE_STRICT_OBJC_MSGSEND = YES;
				GCC_C_LANGUAGE_STANDARD = gnu11;
				GCC_NO_COMMON_BLOCKS = YES;
				GCC_WARN_64_TO_32_BIT_CONVERSION = YES;
				GCC_WARN_ABOUT_RETURN_TYPE = YES_ERROR;
				GCC_WARN_UNDECLARED_SELECTOR = YES;
				GCC_WARN_UNINITIALIZED_AUTOS = YES_AGGRESSIVE;
				GCC_WARN_UNUSED_FUNCTION = YES;
				GCC_WARN_UNUSED_VARIABLE = YES;
				MACOSX_DEPLOYMENT_TARGET = 10.13;
				MTL_ENABLE_DEBUG_INFO = NO;
				SDKROOT = macosx;
			};
			name = Release;
		};
		EBE502552081F1BA00843D3B /* Debug */ = {
			isa = XCBuildConfiguration;
			buildSettings = {
				ASSETCATALOG_COMPILER_APPICON_NAME = AppIcon;
				CODE_SIGN_ENTITLEMENTS = NSWindow_Demo/SupportingFiles/NSWindow_Demo.entitlements;
				CODE_SIGN_STYLE = Automatic;
				COMBINE_HIDPI_IMAGES = YES;
				DEVELOPMENT_TEAM = XWNPFKK4U5;
				INFOPLIST_FILE = "$(SRCROOT)/NSWindow_Demo/SupportingFiles/Info.plist";
				LD_RUNPATH_SEARCH_PATHS = (
					"$(inherited)",
					"@executable_path/../Frameworks",
				);
				PRODUCT_BUNDLE_IDENTIFIER = "com.lee.NSWindow-Demo";
				PRODUCT_NAME = "$(TARGET_NAME)";
			};
			name = Debug;
		};
		EBE502562081F1BA00843D3B /* Release */ = {
			isa = XCBuildConfiguration;
			buildSettings = {
				ASSETCATALOG_COMPILER_APPICON_NAME = AppIcon;
				CODE_SIGN_ENTITLEMENTS = NSWindow_Demo/SupportingFiles/NSWindow_Demo.entitlements;
				CODE_SIGN_STYLE = Automatic;
				COMBINE_HIDPI_IMAGES = YES;
				DEVELOPMENT_TEAM = XWNPFKK4U5;
				INFOPLIST_FILE = "$(SRCROOT)/NSWindow_Demo/SupportingFiles/Info.plist";
				LD_RUNPATH_SEARCH_PATHS = (
					"$(inherited)",
					"@executable_path/../Frameworks",
				);
				PRODUCT_BUNDLE_IDENTIFIER = "com.lee.NSWindow-Demo";
				PRODUCT_NAME = "$(TARGET_NAME)";
			};
			name = Release;
		};
		EBE502582081F1BA00843D3B /* Debug */ = {
			isa = XCBuildConfiguration;
			buildSettings = {
				BUNDLE_LOADER = "$(TEST_HOST)";
				CODE_SIGN_STYLE = Automatic;
				COMBINE_HIDPI_IMAGES = YES;
				DEVELOPMENT_TEAM = XWNPFKK4U5;
				INFOPLIST_FILE = NSWindow_DemoTests/Info.plist;
				LD_RUNPATH_SEARCH_PATHS = (
					"$(inherited)",
					"@executable_path/../Frameworks",
					"@loader_path/../Frameworks",
				);
				PRODUCT_BUNDLE_IDENTIFIER = "com.lee.NSWindow-DemoTests";
				PRODUCT_NAME = "$(TARGET_NAME)";
				TEST_HOST = "$(BUILT_PRODUCTS_DIR)/NSWindow_Demo.app/Contents/MacOS/NSWindow_Demo";
			};
			name = Debug;
		};
		EBE502592081F1BA00843D3B /* Release */ = {
			isa = XCBuildConfiguration;
			buildSettings = {
				BUNDLE_LOADER = "$(TEST_HOST)";
				CODE_SIGN_STYLE = Automatic;
				COMBINE_HIDPI_IMAGES = YES;
				DEVELOPMENT_TEAM = XWNPFKK4U5;
				INFOPLIST_FILE = NSWindow_DemoTests/Info.plist;
				LD_RUNPATH_SEARCH_PATHS = (
					"$(inherited)",
					"@executable_path/../Frameworks",
					"@loader_path/../Frameworks",
				);
				PRODUCT_BUNDLE_IDENTIFIER = "com.lee.NSWindow-DemoTests";
				PRODUCT_NAME = "$(TARGET_NAME)";
				TEST_HOST = "$(BUILT_PRODUCTS_DIR)/NSWindow_Demo.app/Contents/MacOS/NSWindow_Demo";
			};
			name = Release;
		};
		EBE5025B2081F1BA00843D3B /* Debug */ = {
			isa = XCBuildConfiguration;
			buildSettings = {
				CODE_SIGN_STYLE = Automatic;
				COMBINE_HIDPI_IMAGES = YES;
				DEVELOPMENT_TEAM = XWNPFKK4U5;
				INFOPLIST_FILE = NSWindow_DemoUITests/Info.plist;
				LD_RUNPATH_SEARCH_PATHS = (
					"$(inherited)",
					"@executable_path/../Frameworks",
					"@loader_path/../Frameworks",
				);
				PRODUCT_BUNDLE_IDENTIFIER = "com.lee.NSWindow-DemoUITests";
				PRODUCT_NAME = "$(TARGET_NAME)";
				TEST_TARGET_NAME = NSWindow_Demo;
			};
			name = Debug;
		};
		EBE5025C2081F1BA00843D3B /* Release */ = {
			isa = XCBuildConfiguration;
			buildSettings = {
				CODE_SIGN_STYLE = Automatic;
				COMBINE_HIDPI_IMAGES = YES;
				DEVELOPMENT_TEAM = XWNPFKK4U5;
				INFOPLIST_FILE = NSWindow_DemoUITests/Info.plist;
				LD_RUNPATH_SEARCH_PATHS = (
					"$(inherited)",
					"@executable_path/../Frameworks",
					"@loader_path/../Frameworks",
				);
				PRODUCT_BUNDLE_IDENTIFIER = "com.lee.NSWindow-DemoUITests";
				PRODUCT_NAME = "$(TARGET_NAME)";
				TEST_TARGET_NAME = NSWindow_Demo;
			};
			name = Release;
		};
/* End XCBuildConfiguration section */

/* Begin XCConfigurationList section */
		EBE502252081F1B900843D3B /* Build configuration list for PBXProject "NSWindow_Demo" */ = {
			isa = XCConfigurationList;
			buildConfigurations = (
				EBE502522081F1BA00843D3B /* Debug */,
				EBE502532081F1BA00843D3B /* Release */,
			);
			defaultConfigurationIsVisible = 0;
			defaultConfigurationName = Release;
		};
		EBE502542081F1BA00843D3B /* Build configuration list for PBXNativeTarget "NSWindow_Demo" */ = {
			isa = XCConfigurationList;
			buildConfigurations = (
				EBE502552081F1BA00843D3B /* Debug */,
				EBE502562081F1BA00843D3B /* Release */,
			);
			defaultConfigurationIsVisible = 0;
			defaultConfigurationName = Release;
		};
		EBE502572081F1BA00843D3B /* Build configuration list for PBXNativeTarget "NSWindow_DemoTests" */ = {
			isa = XCConfigurationList;
			buildConfigurations = (
				EBE502582081F1BA00843D3B /* Debug */,
				EBE502592081F1BA00843D3B /* Release */,
			);
			defaultConfigurationIsVisible = 0;
			defaultConfigurationName = Release;
		};
		EBE5025A2081F1BA00843D3B /* Build configuration list for PBXNativeTarget "NSWindow_DemoUITests" */ = {
			isa = XCConfigurationList;
			buildConfigurations = (
				EBE5025B2081F1BA00843D3B /* Debug */,
				EBE5025C2081F1BA00843D3B /* Release */,
			);
			defaultConfigurationIsVisible = 0;
			defaultConfigurationName = Release;
		};
/* End XCConfigurationList section */
	};
	rootObject = EBE502222081F1B900843D3B /* Project object */;
}
